
Microsoft Visual Studio Solution File, Format Version 12.00
# Visual Studio Version 17
VisualStudioVersion = 17.8.34408.163
MinimumVisualStudioVersion = 10.0.40219.1
Project("{FAE04EC0-301F-11D3-BF4B-00C04F79EFBC}") = "LibraryManagement", "LibraryManagement\LibraryManagement.csproj", "{CA3BD76D-BF01-411E-AD7A-8AAC6705D375}"
EndProject
Global
	GlobalSection(SolutionConfigurationPlatforms) = preSolution
		Debug|Any CPU = Debug|Any CPU
		Release|Any CPU = Release|Any CPU
	EndGlobalSection
	GlobalSection(ProjectConfigurationPlatforms) = postSolution
		{CA3BD76D-BF01-411E-AD7A-8AAC6705D375}.Debug|Any CPU.ActiveCfg = Debug|Any CPU
		{CA3BD76D-BF01-411E-AD7A-8AAC6705D375}.Debug|Any CPU.Build.0 = Debug|Any CPU
		{CA3BD76D-BF01-411E-AD7A-8AAC6705D375}.Release|Any CPU.ActiveCfg = Release|Any CPU
		{CA3BD76D-BF01-411E-AD7A-8AAC6705D375}.Release|Any CPU.Build.0 = Release|Any CPU
	EndGlobalSection
	GlobalSection(SolutionProperties) = preSolution
		HideSolutionNode = FALSE
	EndGlobalSection
	GlobalSection(ExtensibilityGlobals) = postSolution
		SolutionGuid = {685A16CA-8337-4A7F-A3F1-3C2F960AD362}
	EndGlobalSection
EndGlobal
